lockfileVersion: '9.0'

settings:
  autoInstallPeers: true
  excludeLinksFromLockfile: false

importers:

  .:
    dependencies:
      '@vercel/connect':
        specifier: 2.0.2
        version: 2.0.2(ai@7.0.93(zod@4.1.13))(eve@0.53.1(ai@7.0.93(zod@4.1.13)))
      zod:
        specifier: 4.1.13
        version: 4.1.13
    devDependencies:
      '@types/node':
        specifier: ^20.17.11
        version: 20.19.43
      ai:
        specifier: 7.0.93
        version: 7.0.93(zod@4.1.13)
      eve:
        specifier: 0.53.1
        version: 0.53.1(ai@7.0.93(zod@4.1.13))
      oxfmt:
        specifier: ^0.49.0
        version: 0.49.0
      oxlint:
        specifier: ^1.64.0
        version: 1.83.0
      typescript:
        specifier: ^5.7.2
        version: 5.9.3

packages:

  '@ai-sdk/gateway@4.0.75':
    resolution: {integrity: sha512-HOnhw3oXtBnboBF7kAKipjToCN6+5w6EuukiUKiULcxBitS+vbHRRv9IUBcq+Z1wkXcJjfywKrt5r++I6OYyXg==}
    engines: {node: '>=22'}
    peerDependencies:
      zod: ^3.25.76 || ^4.1.8

  '@ai-sdk/provider-utils@5.0.36':
    resolution: {integrity: sha512-MFXBn6XDyf37PNQAge/HTatPJE8Vmg/g/w4WPtjSV53jq8FKAzoaN5+43hsdQa9bqgN+/13jxug9ChvsG+godQ==}
    engines: {node: '>=22'}
    peerDependencies:
      zod: ^3.25.76 || ^4.1.8

  '@ai-sdk/provider@4.0.10':
    resolution: {integrity: sha512-fX2ENAc7iDpZ+Wp4+Rk06Usn/Ys7dI9uAkGv0jlF6XVrW13NkRWx5Ou+U6lIM2E1fTLkCs16GGrUAaVvroag7A==}
    engines: {node: '>=22'}

  '@oxc-project/types@0.149.0':
    resolution: {integrity: sha512-Efcc+iF0j3Bf67YjEqIqWXbX5XddXoK/Mw4K1/JuXwRCZ8N16VR7iT23nlCc9XrveFVh/E5Rqs2StT0V8v9LdA==}

  '@oxfmt/binding-android-arm-eabi@0.49.0':
    resolution: {integrity: sha512-HbifJ84prIh9+55CTPAU35JdRQrwg47y16cGerCC+iejSKOuHXYo2WDql6l7cQlzrYVtc3f4UWY+dBj2lRmOeA==}
    engines: {node: ^20.19.0 || >=22.12.0}
    cpu: [arm]
    os: [android]

  '@oxfmt/binding-android-arm64@0.49.0':
    resolution: {integrity: sha512-Ef7SKJqAaH2d7E6eXZZa2OffIShbhFMxnGK0zd93p4qiyTJr75B0qf7lrPD+qQOwcf04BrjYJ0JUxq8d5+yZwg==}
    engines: {node: ^20.19.0 || >=22.12.0}
    cpu: [arm64]
    os: [android]

  '@oxfmt/binding-darwin-arm64@0.49.0':
    resolution: {integrity: sha512-8x5DN9CsFfb432sHa9NyqX5XisGUdA53LPEGSdv/VniS+v4uEOR8Orv7A9QSB98Xxgp0t6r31DzQA/wpIobGqQ==}
    engines: {node: ^20.19.0 || >=22.12.0}
    cpu: [arm64]
    os: [darwin]

  '@oxfmt/binding-darwin-x64@0.49.0':
    resolution: {integrity: sha512-e0+DSVzk4ewhMVKNYDaRTmP81jNMBWR1X9al0cVKWS+hDM/dElNqD5zjTOCuLOZc4oOdp2Gx2ldrVL+yYo9TZQ==}
    engines: {node: ^20.19.0 || >=22.12.0}
    cpu: [x64]
    os: [darwin]

  '@oxfmt/binding-freebsd-x64@0.49.0':
    resolution: {integrity: sha512-W+mjtYtrQvFbXT/uNT+221OBhGRZ8UqNsLxjTWsjZ4GsQnRdvRC/N2NCK86BcamWr7lsTxwpwN3PULnr78sgcQ==}
    engines: {node: ^20.19.0 || >=22.12.0}
    cpu: [x64]
    os: [freebsd]

  '@oxfmt/binding-linux-arm-gnueabihf@0.49.0':
    resolution: {integrity: sha512-Rtv6UevV7czDlLqil+NZUe4d8gs8jQo/zScSpumwyf7I+fSdLc+hc8AF3MQC7ymxSMMD9+vfiqQlsIf7wOAzXA==}
    engines: {node: ^20.19.0 || >=22.12.0}
    cpu: [arm]
    os: [linux]

  '@oxfmt/binding-linux-arm-musleabihf@0.49.0':
    resolution: {integrity: sha512-sBi+8C/Q/MdKa5FL8ibAUCdhFBGFH7HFN/Qoyd5xQbZ/0ky3NMPpKfIBpaH0lhK2dXkGLczVQUoZ+xuNSerCdQ==}
    engines: {node: ^20.19.0 || >=22.12.0}
    cpu: [arm]
    os: [linux]

  '@oxfmt/binding-linux-arm64-gnu@0.49.0':
    resolution: {integrity: sha512-JIfWenFhlzx+O8YygyZhoHFzTsdgDhxhbDRnE2iJLnnM5pWKScFvPECO2vOlA7JqJ/9S1g3uzEKuRCkHFwTjvA==}
    engines: {node: ^20.19.0 || >=22.12.0}
    cpu: [arm64]
    os: [linux]
    libc: [glibc]

  '@oxfmt/binding-linux-arm64-musl@0.49.0':
    resolution: {integrity: sha512-iNzkMPG18jPkwBOZ4/HEjwqfzAjq4RrUQ0CgId/fC1ENvYD5jLVAaU/gWgpiqP1ys07kxSsSggDd1fp3E7mQHw==}
    engines: {node: ^20.19.0 || >=22.12.0}
    cpu: [arm64]
    os: [linux]
    libc: [musl]

  '@oxfmt/binding-linux-ppc64-gnu@0.49.0':
    resolution: {integrity: sha512-BPHA/NN3LvoIXiid+iz3BHt5V0Rzx0tXAqRUovwE1NsbDaLG9e8mtv7evDGRIkVQacqTDBv0XL25THHsxSJosQ==}
    engines: {node: ^20.19.0 || >=22.12.0}
    cpu: [ppc64]
    os: [linux]
    libc: [glibc]

  '@oxfmt/binding-linux-riscv64-gnu@0.49.0':
    resolution: {integrity: sha512-3Eroshe+s69htC9JIL0+zLGQczLtRKezkMhwqQC21VC5Z/fuLvzLfbAOLgJLUq601H8gDYjy7deYycfOBjCvWg==}
    engines: {node: ^20.19.0 || >=22.12.0}
    cpu: [riscv64]
    os: [linux]
    libc: [glibc]

  '@oxfmt/binding-linux-riscv64-musl@0.49.0':
    resolution: {integrity: sha512-fnaERGgsxGm0lKAmO72EYR4BA3qBnzBTJBTi6EtUMq1D4R7EexRBMU4voXnx4TXla3SEDl9x4uNp/18SbkPjGg==}
    engines: {node: ^20.19.0 || >=22.12.0}
    cpu: [riscv64]
    os: [linux]
    libc: [musl]

  '@oxfmt/binding-linux-s390x-gnu@0.49.0':
    resolution: {integrity: sha512-rBwasMl1Uul1MCCeTGEFKnOTL7VUxHf+634jWStrQAbzpBJgd5Yz5m4F7exVCsoI8PHn57dNjssXagXLCLB5yA==}
    engines: {node: ^20.19.0 || >=22.12.0}
    cpu: [s390x]
    os: [linux]
    libc: [glibc]

  '@oxfmt/binding-linux-x64-gnu@0.49.0':
    resolution: {integrity: sha512-BoC/F9xHe2y/deuBGA5Aw7bes07OD2gcL2wlpzTrfImR92vPP7S/k3LBTyspQZCNIVNdagkELcqKELwMLGIfAg==}
    engines: {node: ^20.19.0 || >=22.12.0}
    cpu: [x64]
    os: [linux]
    libc: [glibc]

  '@oxfmt/binding-linux-x64-musl@0.49.0':
    resolution: {integrity: sha512-umY6jFADAo/oztFKl8D/S6vSrG6oBpEskcentiRuz42kZVU2kfDXMWCYavxyZR2bwPjqkHpcHZ6EZFiH3Qj9ZA==}
    engines: {node: ^20.19.0 || >=22.12.0}
    cpu: [x64]
    os: [linux]
    libc: [musl]

  '@oxfmt/binding-openharmony-arm64@0.49.0':
    resolution: {integrity: sha512-J85zQMiw2pXiGPK+OusmDvSnJ/dgpgN7VgmB2zOBtgS8F+nsOUfSg9ZEBrwbQscjZ7tkPbm38CG4VF5f53MsiA==}
    engines: {node: ^20.19.0 || >=22.12.0}
    cpu: [arm64]
    os: [openharmony]

  '@oxfmt/binding-win32-arm64-msvc@0.49.0':
    resolution: {integrity: sha512-38K67XR++CoFFORDd4sMFwUVAnD6msYBdGTei+qvKGrRPO6S2PbrYPNL/eQQ1RgnnxOegNba0YQwg6uRkNcw6A==}
    engines: {node: ^20.19.0 || >=22.12.0}
    cpu: [arm64]
    os: [win32]

  '@oxfmt/binding-win32-ia32-msvc@0.49.0':
    resolution: {integrity: sha512-rXVe0HICwQF0dBgbQtBCoYf8x/SidPIdhyQl+iPuJlV7suV+qDv7yUEB3wQ4qC3nOeNxz287SwFXKzyr0kWgEg==}
    engines: {node: ^20.19.0 || >=22.12.0}
    cpu: [ia32]
    os: [win32]

  '@oxfmt/binding-win32-x64-msvc@0.49.0':
    resolution: {integrity: sha512-gwWLwSEmBBfIK/Wh7GGd658161o4RKAvHWRaRQbJm571iQXGKfyr7UKsI1vsWvDlNLc30CxJDc8mMmCvJ/kczQ==}
    engines: {node: ^20.19.0 || >=22.12.0}
    cpu: [x64]
    os: [win32]

  '@oxlint/binding-android-arm-eabi@1.83.0':
    resolution: {integrity: sha512-0yGY24EwsLk5YDe6F+VkmZyRHSwJDALa3nIrPpq7FXmp2lV2d0TzvBCGeZk+wgiULRGr5blhyr4QMp5KCXJUqA==}
    engines: {node: ^20.19.0 || >=22.12.0}
    cpu: [arm]
    os: [android]

  '@oxlint/binding-android-arm64@1.83.0':
    resolution: {integrity: sha512-hHfJ0vc17A4iUjH5p9BsTUPYbYRNxGpvD2lbu1aBRk54bzNIx9o5TtYF39QPZcV95DagZd+4DEAw2RH3G2ZsMg==}
    engines: {node: ^20.19.0 || >=22.12.0}
    cpu: [arm64]
    os: [android]

  '@oxlint/binding-darwin-arm64@1.83.0':
    resolution: {integrity: sha512-hsOjYjszLb/3zym/TkzUMPAoQlTJcuzSyEPOAyA+skXJIX9M0o+4JfOtqopX/Vf4hSLrJ98j0nvFo23gzk8auQ==}
    engines: {node: ^20.19.0 || >=22.12.0}
    cpu: [arm64]
    os: [darwin]

  '@oxlint/binding-darwin-x64@1.83.0':
    resolution: {integrity: sha512-mjh5oH2EA+wl5yRJYT9K9G61O2zFlpuv+yf2JwZOi0+dq2FnTUtm1h8i+5Ik0fXPWIu/k84I1psZR9aQsLAnyA==}
    engines: {node: ^20.19.0 || >=22.12.0}
    cpu: [x64]
    os: [darwin]

  '@oxlint/binding-freebsd-x64@1.83.0':
    resolution: {integrity: sha512-fNHr64/YaO8YssuoDVC8+F4Uk5enR86q5uxfHkQrjAPs1dbAILOrD2uaud+J7MO8Fx774g44ERLD0IGIvZE48w==}
    engines: {node: ^20.19.0 || >=22.12.0}
    cpu: [x64]
    os: [freebsd]

  '@oxlint/binding-linux-arm-gnueabihf@1.83.0':
    resolution: {integrity: sha512-Qpwy3zzAwMj+8/lyYItHmkSMwbkprFNWTK7jPYDOxSyxEhaSLOWYUTCMkjF334J8/WD0nznCCsoBbIH6hpsuIw==}
    engines: {node: ^20.19.0 || >=22.12.0}
    cpu: [arm]
    os: [linux]

  '@oxlint/binding-linux-arm-musleabihf@1.83.0':
    resolution: {integrity: sha512-s+BirYLFq7JL2k9sP0XI3ZXJ9dYvJ8sX3jLCLoag7tt+zrSHpZxP0jqznfL+Gdgwu7ay0dYgGYJXrQvq3iWloA==}
    engines: {node: ^20.19.0 || >=22.12.0}
    cpu: [arm]
    os: [linux]

  '@oxlint/binding-linux-arm64-gnu@1.83.0':
    resolution: {integrity: sha512-7lihXt3vKr+GIyapNbHrnFHm/biiW30le6Zv/DExbAFPF6YwCQXVFlONPFehxs0CpGO4CBfYPM9rdDT+XMoIlg==}
    engines: {node: ^20.19.0 || >=22.12.0}
    cpu: [arm64]
    os: [linux]
    libc: [glibc]

  '@oxlint/binding-linux-arm64-musl@1.83.0':
    resolution: {integrity: sha512-q63JalLYVkZiZvls1z3PPUnpmQluOMXp0khqQMznCeAPLGydfNY8JhvuA4WlK57JfrvikU8wB5lPVveqpIXvew==}
    engines: {node: ^20.19.0 || >=22.12.0}
    cpu: [arm64]
    os: [linux]
    libc: [musl]

  '@oxlint/binding-linux-ppc64-gnu@1.83.0':
    resolution: {integrity: sha512-krQmDF+dRbxvdqVPV88ZuOoPPu8X5BuqDA8Hd+qcS4YMRQCb+nexA57DazgGsc/rGdKBe3QmV0mnv0bdpW/p5g==}
    engines: {node: ^20.19.0 || >=22.12.0}
    cpu: [ppc64]
    os: [linux]
    libc: [glibc]

  '@oxlint/binding-linux-riscv64-gnu@1.83.0':
    resolution: {integrity: sha512-MmOl8Y6txEAXZU1RG8Rr264jQ6D7VPmqFsU/45x/FeWsGe32hklTqGrLE6UxHzp5Rjt0wP+20tY8YXKgSFB3mw==}
    engines: {node: ^20.19.0 || >=22.12.0}
    cpu: [riscv64]
    os: [linux]
    libc: [glibc]

  '@oxlint/binding-linux-riscv64-musl@1.83.0':
    resolution: {integrity: sha512-u1rMymh0W3JZkq370kzQsYPULGWqhE09pZRqnZvUSoYaI9pVO5yVX+iYIslmWuEgwuzH9YAaOsScJiobWCHoOw==}
    engines: {node: ^20.19.0 || >=22.12.0}
    cpu: [riscv64]
    os: [linux]
    libc: [musl]

  '@oxlint/binding-linux-s390x-gnu@1.83.0':
    resolution: {integrity: sha512-y0zK3HNwGysu7rqtE+BQG/d0bx5gh/KwlOtghN8oWeK1KcWzeaLqtZrbm8owqdma1lFyrce/hTO5ismuNu+INQ==}
    engines: {node: ^20.19.0 || >=22.12.0}
    cpu: [s390x]
    os: [linux]
    libc: [glibc]

  '@oxlint/binding-linux-x64-gnu@1.83.0':
    resolution: {integrity: sha512-rS5gM0NgD7ngmuJmbIehsidtrOwKkLFwCQbKEeb9KuyQrrWNq5Zkn0uV6AYdXOMJ0grrWEiLwBuvMxt8w5vsNw==}
    engines: {node: ^20.19.0 || >=22.12.0}
    cpu: [x64]
    os: [linux]
    libc: [glibc]

  '@oxlint/binding-linux-x64-musl@1.83.0':
    resolution: {integrity: sha512-W2IH4EtpcPaWcvNGCA95YoDg4vxqE/ZiPCi3arrxEEpsK7+JQN9WYwrlYFx9pcdP6KPXqRqkv3zdQPHcx7b6YQ==}
    engines: {node: ^20.19.0 || >=22.12.0}
    cpu: [x64]
    os: [linux]
    libc: [musl]

  '@oxlint/binding-openharmony-arm64@1.83.0':
    resolution: {integrity: sha512-6LyKkUyoajssTPLlZmDbZIbu4IZ5B4bGuRUnBgCGpEvHP3FQMaYITncHA/unPUo7q+Z+pIu2HhdkQ+8d1SG7iA==}
    engines: {node: ^20.19.0 || >=22.12.0}
    cpu: [arm64]
    os: [openharmony]

  '@oxlint/binding-win32-arm64-msvc@1.83.0':
    resolution: {integrity: sha512-Uz/fObEtF0jmNJQJ8CGRBKfefYstS0/wjD3s6IGzP8nUwsJykHQJBiN3npHwKiGRGn/vvBEgNr4B3cCzmmatvg==}
    engines: {node: ^20.19.0 || >=22.12.0}
    cpu: [arm64]
    os: [win32]

  '@oxlint/binding-win32-ia32-msvc@1.83.0':
    resolution: {integrity: sha512-u7XcvPW6Bk58tY5iWs2ESb0vJjoE/kuSpHxopbwp/p3ZtWVQXZ6wor5w3ssVTHOqd/v8b+QdhSFWQ4grEUNWpA==}
    engines: {node: ^20.19.0 || >=22.12.0}
    cpu: [ia32]
    os: [win32]

  '@oxlint/binding-win32-x64-msvc@1.83.0':
    resolution: {integrity: sha512-LZRubd7ph13QmAg4fFecTYVZkiYbROR2Htaxh/ufWRkDhPOm2wrwaEYR89e0YpPFD3dqBrPoxS7myBw5hmYA7Q==}
    engines: {node: ^20.19.0 || >=22.12.0}
    cpu: [x64]
    os: [win32]

  '@rolldown/binding-android-arm-eabi@1.2.8':
    resolution: {integrity: sha512-tN5aztYkKCte4i5SIrrz5yK/HMjEuCqCSCJa418jOV8tZ1cBY3YF2otxB1ktPxzsLA1BeTqwapK0bfjxNvHJVw==}
    engines: {node: ^20.19.0 || >=22.12.0}
    cpu: [arm]
    os: [android]

  '@rolldown/binding-android-arm64@1.2.8':
    resolution: {integrity: sha512-dIYTWl9XprMUiQFoc55KUyk/oS8SKYH3zFl0LTR7RT0Xj4hgSVyuJcroH8JUu8RcpF8fTB6E0aOwCkZoYPcDSQ==}
    engines: {node: ^20.19.0 || >=22.12.0}
    cpu: [arm64]
    os: [android]

  '@rolldown/binding-darwin-arm64@1.2.8':
    resolution: {integrity: sha512-PCSDQGXD2IyTEFrcgPyBM8jJuGmrbCMuoIOXdbEGVemruKACXoLQJrb+A45Z0L5t1RQkdfJprAYPkikbh7dzdA==}
    engines: {node: ^20.19.0 || >=22.12.0}
    cpu: [arm64]
    os: [darwin]

  '@rolldown/binding-darwin-x64@1.2.8':
    resolution: {integrity: sha512-Uk7lRsGhPFHVX/sAUC6D5H9Ol30dFHd6iquokll2th3LpdJ3F5CzQB+7DHn0Ri2mG+U7k2zXiPHDrwZenXhwSA==}
    engines: {node: ^20.19.0 || >=22.12.0}
    cpu: [x64]
    os: [darwin]

  '@rolldown/binding-freebsd-x64@1.2.8':
    resolution: {integrity: sha512-DjszaTEVogPqA5bYzsEeqDCQxbcp2fexQwKcRspYji2yzR68fCf+e4fx6kBSRDwX5/brZaHw/hWS9+A/+/w9sQ==}
    engines: {node: ^20.19.0 || >=22.12.0}
    cpu: [x64]
    os: [freebsd]

  '@rolldown/binding-linux-arm-gnueabihf@1.2.8':
    resolution: {integrity: sha512-zmwa7FTmdzB6aaEEuuls18H6Ap5JmJPSoPTuXixeJZV6tG40SyLkApQtz1g8ptZtiEKqj9OM0oNLPh1AgvE31Q==}
    engines: {node: ^20.19.0 || >=22.12.0}
    cpu: [arm]
    os: [linux]

  '@rolldown/binding-linux-arm64-gnu@1.2.8':
    resolution: {integrity: sha512-KdYQDPHwJVnbFwdTGMgxsI9SqblBlz6STGM+w1We/d5B8OWWidYH0MwkU/uA1wM5fIpO2MkOVxXrNzzuZhw9ew==}
    engines: {node: ^20.19.0 || >=22.12.0}
    cpu: [arm64]
    os: [linux]
    libc: [glibc]

  '@rolldown/binding-linux-arm64-musl@1.2.8':
    resolution: {integrity: sha512-jFJTifHnNPY+yzOoNZQfSIysrVyXzEQPhPnOUjmD1bcQGHH6s7c8cViKWar8YplQImE5N9JRqMCLrM2CdxOrZA==}
    engines: {node: ^20.19.0 || >=22.12.0}
    cpu: [arm64]
    os: [linux]
    libc: [musl]

  '@rolldown/binding-linux-ppc64-gnu@1.2.8':
    resolution: {integrity: sha512-FhiOziBDWPBjbcmRzfLyIJnaP7AVMFXT7YCXPjXxj7wKU3vx24RjrCNN/zjvVa+N2vVoHJwCoUBvsrN/DG3zIA==}
    engines: {node: ^20.19.0 || >=22.12.0}
    cpu: [ppc64]
    os: [linux]
    libc: [glibc]

  '@rolldown/binding-linux-s390x-gnu@1.2.8':
    resolution: {integrity: sha512-WnHfADMzOV2Y55wlx1hzzQnar/wDt/VdvWSD99r18Mz9ylNieIGOkRx3UV21h7m/eJvjySYJkO26VvGNFkwsIQ==}
    engines: {node: ^20.19.0 || >=22.12.0}
    cpu: [s390x]
    os: [linux]
    libc: [glibc]

  '@rolldown/binding-linux-x64-gnu@1.2.8':
    resolution: {integrity: sha512-H9tRr5ibfXFVLxbPOseVewewFpl28zcEdjRDt2FTUZU7odxP0gEv1ki4/kGmcGOh78oRwZuuQllGLZ9zTJp84g==}
    engines: {node: ^20.19.0 || >=22.12.0}
    cpu: [x64]
    os: [linux]
    libc: [glibc]

  '@rolldown/binding-linux-x64-musl@1.2.8':
    resolution: {integrity: sha512-UefiqfM3D6IVNlZ8tSGs9+Ejjud2T+oxO0IHADU45Y+lyEjD2dVFyZHbkfX0LUb5Zugo/oIv1eCO/KVYhgYJYA==}
    engines: {node: ^20.19.0 || >=22.12.0}
    cpu: [x64]
    os: [linux]
    libc: [musl]

  '@rolldown/binding-openharmony-arm64@1.2.8':
    resolution: {integrity: sha512-637Ke4kWSy6rp9cxQ9gMOXlxPgIw/c1beASV4M//3+9I4uwBVOOl74G+e3zyU3u19U7RkRl/HuewixZ/Z6+Rjg==}
    engines: {node: ^20.19.0 || >=22.12.0}
    cpu: [arm64]
    os: [openharmony]

  '@rolldown/binding-win32-arm64-msvc@1.2.8':
    resolution: {integrity: sha512-xWBkPOF1Q9k/Gv1nQXnVdLxKu74jXppuOM4Z3mnypVUJJJwLsMl7hNJGRAUJoG8A5MgOI1ACKM+wBFxSJzKy4A==}
    engines: {node: ^20.19.0 || >=22.12.0}
    cpu: [arm64]
    os: [win32]

  '@rolldown/binding-win32-x64-msvc@1.2.8':
    resolution: {integrity: sha512-uz2ZvfgXbxqNwijjjbxrnvALwpyODDcgc1T1N8N3rf/DXKQmaFwmB4LX4yyjggpwN2obdQLb2rgirX5ffCWYng==}
    engines: {node: ^20.19.0 || >=22.12.0}
    cpu: [x64]
    os: [win32]

  '@rolldown/pluginutils@1.0.1':
    resolution: {integrity: sha512-2j9bGt5Jh8hj+vPtgzPtl72j0yRxHAyumoo6TNfAjsLB04UtpSvPbPcDcBMxz7n+9CYB0c1GxQFxYRg2jimqGw==}

  '@standard-schema/spec@1.1.0':
    resolution: {integrity: sha512-l2aFy5jALhniG5HgqrD6jXLi/rUWrKvqN/qJx6yoJsgKhblVd+iqqU4RCXavm/jPityDo5TCvKMnpjKnOriy0w==}

  '@types/node@20.19.43':
    resolution: {integrity: sha512-6oYBAi5ikg4Pl+kGsoYtawUMBT2zZMCvPNF7pVLnHZfd1zf38DRiWn/gT01RYCdUqkv7Fhr+C9ot4/tb+2sVvA==}

  '@vercel/cli-config@0.2.4':
    resolution: {integrity: sha512-kZ5SojbrV06GHoU6QIWGwDXLov+s9rWZ7QqdqKfJfBGCNUieGfgaCjeeenNy8Y+QC0bwC0dZ2B4l5Hvdmrgpdw==}

  '@vercel/cli-exec@1.0.1':
    resolution: {integrity: sha512-g9XerViJ/paZujufXYcu5XYI2vU2rtB4sgdpjUHde5RnOkdmpu0ngH46LCFGHoPXO/C+qDPSczIHIRN+8Q2YKQ==}
    engines: {node: '>= 18'}

  '@vercel/connect@2.0.2':
    resolution: {integrity: sha512-cW+J44Ac0x9tng3vg+R7Uzn1rjz66MeWArJkiBIyJSQm84L9EskKx8ibBfc8Gn2kh8xT4o/iHOFtlkrsicKr7A==}
    peerDependencies:
      '@ai-sdk/mcp': ^1 || ^2
      '@auth/core': '>=0.37.0'
      '@chat-adapter/slack': ^4.0.0
      ai: ^6 || ^7.0.0-beta.0
      better-auth: '>=1.5.0'
      eve: '>=0.13.7'
    peerDependenciesMeta:
      '@ai-sdk/mcp':
        optional: true
      '@auth/core':
        optional: true
      '@chat-adapter/slack':
        optional: true
      ai:
        optional: true
      better-auth:
        optional: true
      eve:
        optional: true

  '@vercel/oidc@3.2.0':
    resolution: {integrity: sha512-UycprH3T6n3jH0k44NHMa7pnFHGu/N05MjojYr+Mc6I7obkoLIJujSWwin1pCvdy/eOxrI/l3uDLQsmcrOb4ug==}
    engines: {node: '>= 20'}

  '@vercel/oidc@3.8.5':
    resolution: {integrity: sha512-RwXYtnt6za+5UO4IaLywN/6B95AlLqynPRUWRJxeJ/qufwkcLUbZNUxYtzT0uMpuraWhlNcGqPNGkTnZr4BGBw==}
    engines: {node: '>= 20'}

  '@workflow/serde@4.1.0':
    resolution: {integrity: sha512-pav4F2BoirECWR7Nf1TKt+2eETcBj7jj4cBefQ8VXQCA6NPkaKeLfj/zMgi+3zYV5ZIBT4GuUiphsj0/b9hPQQ==}

  ai@7.0.93:
    resolution: {integrity: sha512-CJss6zb9mlltk/mCr8qom20NBnqEQxVawkqwtT62tCwsxilZpXfHNRMRwcS3XRpzdP1kEluVuDBUayYWEEd95g==}
    engines: {node: '>=22'}
    peerDependencies:
      zod: ^3.25.76 || ^4.1.8

  consola@3.4.2:
    resolution: {integrity: sha512-5IKcdX0nnYavi6G7TtOhwkYzyjfJlatbjMjuLSfE2kYT5pMDOilZ4OvMhi637CcDICTmz3wARPoyhqyX1Y+XvA==}
    engines: {node: ^14.18.0 || >=16.10.0}

  cross-spawn@7.0.6:
    resolution: {integrity: sha512-uV2QOWP2nWzsy2aMp8aRibhi9dlzF5Hgh5SHaB9OiTGEyDTiJJyx0uy51QXdyWbtAHNua4XJzUKca3OzKUd3vA==}
    engines: {node: '>= 8'}

  crossws@0.4.12:
    resolution: {integrity: sha512-aypfsr6t0uNvkqaZc6zvBfXzC6pLI0/sIulpkV6RwCVtZqG5ebBzv4weImKK0VNCj91Wl9F5j7p5WU4MNrybng==}
    peerDependencies:
      srvx: '>=0.11.5'
    peerDependenciesMeta:
      srvx:
        optional: true

  db0@0.4.1:
    resolution: {integrity: sha512-6RBY/bSn42UrqATwsiULj2uYFyEykB3XeA/NLIVQeHNXlYV6D4Idxx3/aa6k5Y45Dwzx7sygeLotnqHWSeURYA==}

  env-runner@0.2.3:
    resolution: {integrity: sha512-S8EFBKyznRwPVwayK187cYjvnpgC92xy+q0BIF++V965pfjMVVRbQ/HoTYGA/1EHmZ7E68k6Heq+4WnvVhOL5w==}
    hasBin: true

  eve@0.53.1:
    resolution: {integrity: sha512-Fy6x7UJ/IHe5IcpuYomqNign8g31J1B0iiUecXt3uNXjLe1apdYDCO5FAmG/lFA1jcvIM0R+Mk2cMmt4UItIhg==}
    engines: {node: '>=24'}
    hasBin: true
    peerDependencies:
      '@opentelemetry/api': ^1.0.0
      ai: ^7.0.93
      braintrust: ^3.0.0
      dd-trace: ^6.13.0
      just-bash: ^3.1.0
      microsandbox: ^0.5.0
    peerDependenciesMeta:
      '@opentelemetry/api':
        optional: true
      braintrust:
        optional: true
      dd-trace:
        optional: true
      just-bash:
        optional: true
      microsandbox:
        optional: true

  eventsource-parser@3.1.1:
    resolution: {integrity: sha512-EKN1vKAMcZ8MlYMpaNuxN6R9yakzH6uajHcHVTqWJzvu5pWw9DyhbP35HH8MVBQ+dZjAfDxk+A8NiR9KWaXiyQ==}
    engines: {node: '>=18.0.0'}

  execa@5.1.1:
    resolution: {integrity: sha512-8uSpZZocAZRBAPIEINJj3Lo9HyGitllczc27Eh5YYojjMFMn8yHMDMaUHE2Jqfq05D/wucwI4JGURyXt1vchyg==}
    engines: {node: '>=10'}

  exsolve@1.1.1:
    resolution: {integrity: sha512-9U/jZUgjnSGyntRr6y5Muu1MJcwFl6kPu7k8qLF0IMNfLqvw0NZ4nnVDq0RVoZ0RvCyumib4Ez3KYrVfilrw+g==}

  get-stream@6.0.1:
    resolution: {integrity: sha512-ts6Wi+2j3jQjqi70w5AlN8DFnkSwC+MqmxEzdEALB2qXZYV3X/b1CTfgPLGJNMeAWxdPfU8FO1ms3NUfaHCPYg==}
    engines: {node: '>=10'}

  h3@2.0.1-rc.32:
    resolution: {integrity: sha512-Epg1E85L8yIKd9UeAQAVdm6QVrnHbppMsQ641EjpNi4c0IlAg+PJlwp4Xw03Z1loRXPQaH9k64gJT5qDELqm+g==}
    engines: {node: '>=20.11.1'}
    hasBin: true
    peerDependencies:
      crossws: ^0.4.12
      ocache: '>=0.3.0'
    peerDependenciesMeta:
      crossws:
        optional: true
      ocache:
        optional: true

  hookable@6.1.1:
    resolution: {integrity: sha512-U9LYDy1CwhMCnprUfeAZWZGByVbhd54hwepegYTK7Pi5NvqEj63ifz5z+xukznehT7i6NIZRu89Ay1AZmRsLEQ==}

  httpxy@0.5.5:
    resolution: {integrity: sha512-uDjmnPyp1q4Sgzf3w+J/Fc6UqcCEj0x4Wjp7OqK5dGhNeDgpyrAmnS6ey8QWrX3SWDon2DMKf9sBa5X9+CVyMA==}

  human-signals@2.1.0:
    resolution: {integrity: sha512-B4FFZ6q/T2jhhksgkbEW3HBvWIfDW85snkQgawt07S7J5QXTk6BkNV+0yAeZrM5QpMAdYlocGoljn0sJ/WQkFw==}
    engines: {node: '>=10.17.0'}

  is-stream@2.0.1:
    resolution: {integrity: sha512-hFoiJiTl63nn+kstHGBtewWSKnQLpyb155KHheA1l39uvtO9nWIop1p3udqPcUd/xbF1VLMO4n7OI6p7RbngDg==}
    engines: {node: '>=8'}

  isexe@2.0.0:
    resolution: {integrity: sha512-RHxMLp9lnKHGHRng9QFhRCMbYAcVpn69smSGcq3f36xjgVVWThj4qqLbTLlq7Ssj8B+fIQ1EuCEGI2lKsyQeIw==}

  jose@5.10.0:
    resolution: {integrity: sha512-s+3Al/p9g32Iq+oqXxkW//7jk2Vig6FF1CFqzVXoTUXt2qz89YWbL+OwS17NFYEvxC35n0FKeGO2LGYSxeM2Gg==}

  json-schema@0.4.0:
    resolution: {integrity: sha512-es94M3nTIfsEPisRafak+HDLfHXnKBhV3vU5eqPcS3flIWqcxJWgXHXiey3YrpaNsanY5ei1VoYEbOzijuq9BA==}

  merge-stream@2.0.0:
    resolution: {integrity: sha512-abv/qOcuPfk3URPfDzmZU1LKmuw8kT+0nIHvKrKgFrwifol/doWcdA4ZqsWQ8ENrFKkd67Mfpo/LovbIUsbt3w==}

  mimic-fn@2.1.0:
    resolution: {integrity: sha512-OqbOk5oEQeAZ8WXWydlu9HJjz9WVdEIvamMCcXmuqUYjTknH/sqsWvhQ3vgwKFRR1HpjvNBKQ37nbJgYzGqGcg==}
    engines: {node: '>=6'}

  nf3@0.3.24:
    resolution: {integrity: sha512-HxLK4bo+5jNsEETZp4w3tJblHOA9MCBY14IN9nZJJV8JDxt9yNIYxuBuLMjTAR5GFa3HL61+8VQDUrXv3/C8fw==}

  nitro@3.0.260903-beta:
    resolution: {integrity: sha512-54gANPi62O8rfMvepiJUVuIzEIinYfpeHbebywlLxvVTgIYXDwSvpaU9Id+0sJOBjBx0wC1/CVYXJkH7SY+l0g==}
    engines: {node: ^20.19.0 || >=22.12.0}
    hasBin: true

  npm-run-path@4.0.1:
    resolution: {integrity: sha512-S48WzZW777zhNIrn7gxOlISNAqi9ZC/uQFnRdbeIHhZhCA6UqpkOT8T1G7BvfdgP4Er8gF4sUbaS0i7QvIfCWw==}
    engines: {node: '>=8'}

  ocache@0.3.0:
    resolution: {integrity: sha512-RS/9P0zeBb0gDJmadGERLH8lZNXK7xbufTDhclkXGvFGTsj0G4M5/cLk+mizcERH29mLXNnocfB5wjcK70wGJg==}

  onetime@5.1.2:
    resolution: {integrity: sha512-kbpaSSGJTWdAY5KPVeMOKXSrPtr8C8C7wodJbcsd51jRnmD+GZu8Y0VoU6Dm5Z4vWr0Ig/1NKuWRKf7j5aaYSg==}
    engines: {node: '>=6'}

  os-paths@4.4.0:
    resolution: {integrity: sha512-wrAwOeXp1RRMFfQY8Sy7VaGVmPocaLwSFOYCGKSyo8qmJ+/yaafCl5BCA1IQZWqFSRBrKDYFeR9d/VyQzfH/jg==}
    engines: {node: '>= 6.0'}

  oxfmt@0.49.0:
    resolution: {integrity: sha512-IAHFMdlJSWe+oAr65dx22UvjCtV9DBMisAuLnKpDqMQrctzCkGnj3QRwNHm0d+uwSWPalsDF8ZYLz9rh6nH2IQ==}
    engines: {node: ^20.19.0 || >=22.12.0}
    hasBin: true
    peerDependencies:
      svelte: ^5.0.0
    peerDependenciesMeta:
      svelte:
        optional: true

  oxlint@1.83.0:
    resolution: {integrity: sha512-cyDzSzaw3uzP0TeCeq3lLRPPoaUxkbB4ZOXj+kn+5r+BX9V+4bNVGk9lxer+WrgcpebH4JxLlJ3KQjveVztOLQ==}
    engines: {node: ^20.19.0 || >=22.12.0}
    hasBin: true
    peerDependencies:
      oxlint-tsgolint: '>=7.0.2001'
      vite-plus: '*'
    peerDependenciesMeta:
      oxlint-tsgolint:
        optional: true
      vite-plus:
        optional: true

  path-key@3.1.1:
    resolution: {integrity: sha512-ojmeN0qd+y0jszEtoY48r0Peq5dwMEkIlCOu6Q5f41lfkswXuKtYrhgoTpLnyIcHm24Uhqx+5Tqm2InSwLhE6Q==}
    engines: {node: '>=8'}

  pathe@2.0.3:
    resolution: {integrity: sha512-WUjGcAqP1gQacoQe+OBJsFA7Ld4DyXuUIjZ5cc75cLHvJ7dtNsTugphxIADwspS+AraAUePCKrSVtPLFj/F88w==}

  rolldown@1.2.8:
    resolution: {integrity: sha512-Z67nTmhZe7anqnM/EjI392w5i/ANUinjip7QYsOyN37oayduxt3ksdX0hf5OOamkAd53BiIHfbfSzfUmzKFQqQ==}
    engines: {node: ^20.19.0 || >=22.12.0}
    hasBin: true

  rou3@0.9.2:
    resolution: {integrity: sha512-3SOzvaAg8rkHrXtRjpCvCvbyO5to9oOO27Z/XqHEYXfMRVSw/qMIVdmaOk9W2lcRLtR6dlqTjo9hDeJk70QBYQ==}

  shebang-command@2.0.0:
    resolution: {integrity: sha512-kHxr2zZpYtdmrN1qDjrrX/Z1rR1kG8Dx+gkpK1G4eXmvXswmcE1hTWBWYUzlraYw1/yZp6YuDY77YtvbN0dmDA==}
    engines: {node: '>=8'}

  shebang-regex@3.0.0:
    resolution: {integrity: sha512-7++dFhtcx3353uBaq8DDR4NuxBetBzC7ZQOhmTQInHEd6bSrXdiEyzCvG07Z44UYdLShWUyXt5M/yhz8ekcb1A==}
    engines: {node: '>=8'}

  signal-exit@3.0.7:
    resolution: {integrity: sha512-wnD2ZE+l+SPC/uoS0vXeE9L1+0wuaMqKlfz9AMUo38JsyLSBWSFcHR1Rri62LZc12vLr1gb3jl7iwQhgwpAbGQ==}

  srvx@1.0.5:
    resolution: {integrity: sha512-KvSKRpgPG/oaq3cyT614OQ2bAa7DynuGamivCZeoZzIUULOdbQz6wUtnnVuC4+DCx2Zglzo8v5gBYmWIWYhDxA==}
    engines: {node: '>=20.16.0'}
    hasBin: true

  strip-final-newline@2.0.0:
    resolution: {integrity: sha512-BrpvfNAE3dcvq7ll3xVumzjKjZQ5tI1sEUIKr3Uoks0XUl45St3FlatVqef9prk4jRDzhW6WZg+3bk93y6pLjA==}
    engines: {node: '>=6'}

  tinypool@2.1.0:
    resolution: {integrity: sha512-Pugqs6M0m7Lv1I7FtxN4aoyToKg1C4tu+/381vH35y8oENM/Ai7f7C4StcoK4/+BSw9ebcS8jRiVrORFKCALLw==}
    engines: {node: ^20.0.0 || >=22.0.0}

  typescript@5.9.3:
    resolution: {integrity: sha512-jl1vZzPDinLr9eUt3J/t7V6FgNEw9QjvBPdysz9KfQDD41fQrC2Y4vKQdiaUpFT4bXlb1RHhLpp8wtm6M5TgSw==}
    engines: {node: '>=14.17'}
    hasBin: true

  undici-types@6.21.0:
    resolution: {integrity: sha512-iwDZqg0QAGrg9Rav5H4n0M64c3mkR59cJ6wQp+7C4nI0gsmExaedaYLNO44eT4AtBBwjbTiGPMlt2Md0T9H9JQ==}

  undici@7.29.1:
    resolution: {integrity: sha512-RYONW2MeafgYlkVOKYKkA/Ag7BmXqgIWCa8t1m0JcxrQg9pI9lEqRhAOruOBCbAohOa/gkCF+iPi9hrgvTzu6Q==}
    engines: {node: '>=20.18.1'}

  undici@8.9.0:
    resolution: {integrity: sha512-aWZpUj7XoGonMClx4gdDRfgBjqeA+F473aDmROQQbM9n6PRfK/u1q/a0X4wMTgcHfT8H6fpbt98PFuDUwFg2YA==}
    engines: {node: '>=22.19.0'}

  unenv@2.0.0-rc.24:
    resolution: {integrity: sha512-i7qRCmY42zmCwnYlh9H2SvLEypEFGye5iRmEMKjcGi7zk9UquigRjFtTLz0TYqr0ZGLZhaMHl/foy1bZR+Cwlw==}

  unstorage@2.0.0-alpha.10:
    resolution: {integrity: sha512-6h1veZp8gnp4dGllf0tDijoXxDYymJu251IpKKkrSVH+QHL6tXFbwG85KM+CBHSgpkkgtPuIiZ9oLCLP5+1Evw==}

  which@2.0.2:
    resolution: {integrity: sha512-BLI3Tl1TW3Pvl70l3yq3Y64i+awpwXqsGBYWkkqMtnbXgrMD+yj7rhW0kuEDxzJaYXGjEW5ogapKNMEKNMjibA==}
    engines: {node: '>= 8'}
    hasBin: true

  xdg-app-paths@5.5.1:
    resolution: {integrity: sha512-hI3flOB4PLZIy5prbtTpirobtPE2ZtZ52szO+2mM9Efp6ErM398La+C1lIpNWDfNoQk+6Lsi6nMcCwVB7pxeMQ==}
    engines: {node: '>= 6.0'}

  xdg-portable@7.3.0:
    resolution: {integrity: sha512-sqMMuL1rc0FmMBOzCpd0yuy9trqF2yTTVe+E9ogwCSWQCdDEtQUwrZPT6AxqtsFGRNxycgncbP/xmOOSPw5ZUw==}
    engines: {node: '>= 6.0'}

  zod@4.1.11:
    resolution: {integrity: sha512-WPsqwxITS2tzx1bzhIKsEs19ABD5vmCVa4xBo2tq/SrV4RNZtfws1EnCWQXM6yh8bD08a1idvkB5MZSBiZsjwg==}

  zod@4.1.13:
    resolution: {integrity: sha512-AvvthqfqrAhNH9dnfmrfKzX5upOdjUVJYFqNSlkmGf64gRaTzlPwz99IHYnVs28qYAybvAlBV+H7pn0saFY4Ig==}

snapshots:

  '@ai-sdk/gateway@4.0.75(zod@4.1.13)':
    dependencies:
      '@ai-sdk/provider': 4.0.10
      '@ai-sdk/provider-utils': 5.0.36(zod@4.1.13)
      '@vercel/oidc': 3.2.0
      zod: 4.1.13

  '@ai-sdk/provider-utils@5.0.36(zod@4.1.13)':
    dependencies:
      '@ai-sdk/provider': 4.0.10
      '@standard-schema/spec': 1.1.0
      '@workflow/serde': 4.1.0
      eventsource-parser: 3.1.1
      undici: 7.29.1
      zod: 4.1.13

  '@ai-sdk/provider@4.0.10':
    dependencies:
      json-schema: 0.4.0

  '@oxc-project/types@0.149.0': {}

  '@oxfmt/binding-android-arm-eabi@0.49.0':
    optional: true

  '@oxfmt/binding-android-arm64@0.49.0':
    optional: true

  '@oxfmt/binding-darwin-arm64@0.49.0':
    optional: true

  '@oxfmt/binding-darwin-x64@0.49.0':
    optional: true

  '@oxfmt/binding-freebsd-x64@0.49.0':
    optional: true

  '@oxfmt/binding-linux-arm-gnueabihf@0.49.0':
    optional: true

  '@oxfmt/binding-linux-arm-musleabihf@0.49.0':
    optional: true

  '@oxfmt/binding-linux-arm64-gnu@0.49.0':
    optional: true

  '@oxfmt/binding-linux-arm64-musl@0.49.0':
    optional: true

  '@oxfmt/binding-linux-ppc64-gnu@0.49.0':
    optional: true

  '@oxfmt/binding-linux-riscv64-gnu@0.49.0':
    optional: true

  '@oxfmt/binding-linux-riscv64-musl@0.49.0':
    optional: true

  '@oxfmt/binding-linux-s390x-gnu@0.49.0':
    optional: true

  '@oxfmt/binding-linux-x64-gnu@0.49.0':
    optional: true

  '@oxfmt/binding-linux-x64-musl@0.49.0':
    optional: true

  '@oxfmt/binding-openharmony-arm64@0.49.0':
    optional: true

  '@oxfmt/binding-win32-arm64-msvc@0.49.0':
    optional: true

  '@oxfmt/binding-win32-ia32-msvc@0.49.0':
    optional: true

  '@oxfmt/binding-win32-x64-msvc@0.49.0':
    optional: true

  '@oxlint/binding-android-arm-eabi@1.83.0':
    optional: true

  '@oxlint/binding-android-arm64@1.83.0':
    optional: true

  '@oxlint/binding-darwin-arm64@1.83.0':
    optional: true

  '@oxlint/binding-darwin-x64@1.83.0':
    optional: true

  '@oxlint/binding-freebsd-x64@1.83.0':
    optional: true

  '@oxlint/binding-linux-arm-gnueabihf@1.83.0':
    optional: true

  '@oxlint/binding-linux-arm-musleabihf@1.83.0':
    optional: true

  '@oxlint/binding-linux-arm64-gnu@1.83.0':
    optional: true

  '@oxlint/binding-linux-arm64-musl@1.83.0':
    optional: true

  '@oxlint/binding-linux-ppc64-gnu@1.83.0':
    optional: true

  '@oxlint/binding-linux-riscv64-gnu@1.83.0':
    optional: true

  '@oxlint/binding-linux-riscv64-musl@1.83.0':
    optional: true

  '@oxlint/binding-linux-s390x-gnu@1.83.0':
    optional: true

  '@oxlint/binding-linux-x64-gnu@1.83.0':
    optional: true

  '@oxlint/binding-linux-x64-musl@1.83.0':
    optional: true

  '@oxlint/binding-openharmony-arm64@1.83.0':
    optional: true

  '@oxlint/binding-win32-arm64-msvc@1.83.0':
    optional: true

  '@oxlint/binding-win32-ia32-msvc@1.83.0':
    optional: true

  '@oxlint/binding-win32-x64-msvc@1.83.0':
    optional: true

  '@rolldown/binding-android-arm-eabi@1.2.8':
    optional: true

  '@rolldown/binding-android-arm64@1.2.8':
    optional: true

  '@rolldown/binding-darwin-arm64@1.2.8':
    optional: true

  '@rolldown/binding-darwin-x64@1.2.8':
    optional: true

  '@rolldown/binding-freebsd-x64@1.2.8':
    optional: true

  '@rolldown/binding-linux-arm-gnueabihf@1.2.8':
    optional: true

  '@rolldown/binding-linux-arm64-gnu@1.2.8':
    optional: true

  '@rolldown/binding-linux-arm64-musl@1.2.8':
    optional: true

  '@rolldown/binding-linux-ppc64-gnu@1.2.8':
    optional: true

  '@rolldown/binding-linux-s390x-gnu@1.2.8':
    optional: true

  '@rolldown/binding-linux-x64-gnu@1.2.8':
    optional: true

  '@rolldown/binding-linux-x64-musl@1.2.8':
    optional: true

  '@rolldown/binding-openharmony-arm64@1.2.8':
    optional: true

  '@rolldown/binding-win32-arm64-msvc@1.2.8':
    optional: true

  '@rolldown/binding-win32-x64-msvc@1.2.8':
    optional: true

  '@rolldown/pluginutils@1.0.1': {}

  '@standard-schema/spec@1.1.0': {}

  '@types/node@20.19.43':
    dependencies:
      undici-types: 6.21.0

  '@vercel/cli-config@0.2.4':
    dependencies:
      xdg-app-paths: 5.5.1
      zod: 4.1.11

  '@vercel/cli-exec@1.0.1':
    dependencies:
      execa: 5.1.1

  '@vercel/connect@2.0.2(ai@7.0.93(zod@4.1.13))(eve@0.53.1(ai@7.0.93(zod@4.1.13)))':
    dependencies:
      '@vercel/oidc': 3.8.5
    optionalDependencies:
      ai: 7.0.93(zod@4.1.13)
      eve: 0.53.1(ai@7.0.93(zod@4.1.13))

  '@vercel/oidc@3.2.0': {}

  '@vercel/oidc@3.8.5':
    dependencies:
      '@vercel/cli-config': 0.2.4
      '@vercel/cli-exec': 1.0.1
      jose: 5.10.0

  '@workflow/serde@4.1.0': {}

  ai@7.0.93(zod@4.1.13):
    dependencies:
      '@ai-sdk/gateway': 4.0.75(zod@4.1.13)
      '@ai-sdk/provider': 4.0.10
      '@ai-sdk/provider-utils': 5.0.36(zod@4.1.13)
      zod: 4.1.13

  consola@3.4.2: {}

  cross-spawn@7.0.6:
    dependencies:
      path-key: 3.1.1
      shebang-command: 2.0.0
      which: 2.0.2

  crossws@0.4.12(srvx@1.0.5):
    optionalDependencies:
      srvx: 1.0.5

  db0@0.4.1: {}

  env-runner@0.2.3:
    dependencies:
      crossws: 0.4.12(srvx@1.0.5)
      exsolve: 1.1.1
      httpxy: 0.5.5
      srvx: 1.0.5

  eve@0.53.1(ai@7.0.93(zod@4.1.13)):
    dependencies:
      ai: 7.0.93(zod@4.1.13)
      nitro: 3.0.260903-beta
      undici: 8.9.0

  eventsource-parser@3.1.1: {}

  execa@5.1.1:
    dependencies:
      cross-spawn: 7.0.6
      get-stream: 6.0.1
      human-signals: 2.1.0
      is-stream: 2.0.1
      merge-stream: 2.0.0
      npm-run-path: 4.0.1
      onetime: 5.1.2
      signal-exit: 3.0.7
      strip-final-newline: 2.0.0

  exsolve@1.1.1: {}

  get-stream@6.0.1: {}

  h3@2.0.1-rc.32(crossws@0.4.12(srvx@1.0.5))(ocache@0.3.0):
    dependencies:
      rou3: 0.9.2
      srvx: 1.0.5
    optionalDependencies:
      crossws: 0.4.12(srvx@1.0.5)
      ocache: 0.3.0

  hookable@6.1.1: {}

  httpxy@0.5.5: {}

  human-signals@2.1.0: {}

  is-stream@2.0.1: {}

  isexe@2.0.0: {}

  jose@5.10.0: {}

  json-schema@0.4.0: {}

  merge-stream@2.0.0: {}

  mimic-fn@2.1.0: {}

  nf3@0.3.24: {}

  nitro@3.0.260903-beta:
    dependencies:
      consola: 3.4.2
      crossws: 0.4.12(srvx@1.0.5)
      db0: 0.4.1
      env-runner: 0.2.3
      h3: 2.0.1-rc.32(crossws@0.4.12(srvx@1.0.5))(ocache@0.3.0)
      hookable: 6.1.1
      nf3: 0.3.24
      ocache: 0.3.0
      rolldown: 1.2.8
      rou3: 0.9.2
      srvx: 1.0.5
      unenv: 2.0.0-rc.24
      unstorage: 2.0.0-alpha.10

  npm-run-path@4.0.1:
    dependencies:
      path-key: 3.1.1

  ocache@0.3.0: {}

  onetime@5.1.2:
    dependencies:
      mimic-fn: 2.1.0

  os-paths@4.4.0: {}

  oxfmt@0.49.0:
    dependencies:
      tinypool: 2.1.0
    optionalDependencies:
      '@oxfmt/binding-android-arm-eabi': 0.49.0
      '@oxfmt/binding-android-arm64': 0.49.0
      '@oxfmt/binding-darwin-arm64': 0.49.0
      '@oxfmt/binding-darwin-x64': 0.49.0
      '@oxfmt/binding-freebsd-x64': 0.49.0
      '@oxfmt/binding-linux-arm-gnueabihf': 0.49.0
      '@oxfmt/binding-linux-arm-musleabihf': 0.49.0
      '@oxfmt/binding-linux-arm64-gnu': 0.49.0
      '@oxfmt/binding-linux-arm64-musl': 0.49.0
      '@oxfmt/binding-linux-ppc64-gnu': 0.49.0
      '@oxfmt/binding-linux-riscv64-gnu': 0.49.0
      '@oxfmt/binding-linux-riscv64-musl': 0.49.0
      '@oxfmt/binding-linux-s390x-gnu': 0.49.0
      '@oxfmt/binding-linux-x64-gnu': 0.49.0
      '@oxfmt/binding-linux-x64-musl': 0.49.0
      '@oxfmt/binding-openharmony-arm64': 0.49.0
      '@oxfmt/binding-win32-arm64-msvc': 0.49.0
      '@oxfmt/binding-win32-ia32-msvc': 0.49.0
      '@oxfmt/binding-win32-x64-msvc': 0.49.0

  oxlint@1.83.0:
    optionalDependencies:
      '@oxlint/binding-android-arm-eabi': 1.83.0
      '@oxlint/binding-android-arm64': 1.83.0
      '@oxlint/binding-darwin-arm64': 1.83.0
      '@oxlint/binding-darwin-x64': 1.83.0
      '@oxlint/binding-freebsd-x64': 1.83.0
      '@oxlint/binding-linux-arm-gnueabihf': 1.83.0
      '@oxlint/binding-linux-arm-musleabihf': 1.83.0
      '@oxlint/binding-linux-arm64-gnu': 1.83.0
      '@oxlint/binding-linux-arm64-musl': 1.83.0
      '@oxlint/binding-linux-ppc64-gnu': 1.83.0
      '@oxlint/binding-linux-riscv64-gnu': 1.83.0
      '@oxlint/binding-linux-riscv64-musl': 1.83.0
      '@oxlint/binding-linux-s390x-gnu': 1.83.0
      '@oxlint/binding-linux-x64-gnu': 1.83.0
      '@oxlint/binding-linux-x64-musl': 1.83.0
      '@oxlint/binding-openharmony-arm64': 1.83.0
      '@oxlint/binding-win32-arm64-msvc': 1.83.0
      '@oxlint/binding-win32-ia32-msvc': 1.83.0
      '@oxlint/binding-win32-x64-msvc': 1.83.0

  path-key@3.1.1: {}

  pathe@2.0.3: {}

  rolldown@1.2.8:
    dependencies:
      '@oxc-project/types': 0.149.0
      '@rolldown/pluginutils': 1.0.1
    optionalDependencies:
      '@rolldown/binding-android-arm-eabi': 1.2.8
      '@rolldown/binding-android-arm64': 1.2.8
      '@rolldown/binding-darwin-arm64': 1.2.8
      '@rolldown/binding-darwin-x64': 1.2.8
      '@rolldown/binding-freebsd-x64': 1.2.8
      '@rolldown/binding-linux-arm-gnueabihf': 1.2.8
      '@rolldown/binding-linux-arm64-gnu': 1.2.8
      '@rolldown/binding-linux-arm64-musl': 1.2.8
      '@rolldown/binding-linux-ppc64-gnu': 1.2.8
      '@rolldown/binding-linux-s390x-gnu': 1.2.8
      '@rolldown/binding-linux-x64-gnu': 1.2.8
      '@rolldown/binding-linux-x64-musl': 1.2.8
      '@rolldown/binding-openharmony-arm64': 1.2.8
      '@rolldown/binding-win32-arm64-msvc': 1.2.8
      '@rolldown/binding-win32-x64-msvc': 1.2.8

  rou3@0.9.2: {}

  shebang-command@2.0.0:
    dependencies:
      shebang-regex: 3.0.0

  shebang-regex@3.0.0: {}

  signal-exit@3.0.7: {}

  srvx@1.0.5: {}

  strip-final-newline@2.0.0: {}

  tinypool@2.1.0: {}

  typescript@5.9.3: {}

  undici-types@6.21.0: {}

  undici@7.29.1: {}

  undici@8.9.0: {}

  unenv@2.0.0-rc.24:
    dependencies:
      pathe: 2.0.3

  unstorage@2.0.0-alpha.10: {}

  which@2.0.2:
    dependencies:
      isexe: 2.0.0

  xdg-app-paths@5.5.1:
    dependencies:
      os-paths: 4.4.0
      xdg-portable: 7.3.0

  xdg-portable@7.3.0:
    dependencies:
      os-paths: 4.4.0

  zod@4.1.11: {}

  zod@4.1.13: {}
